GIT
  remote: https://github.com/feedbin/librato-metrics.git
  revision: 8dbd988d8c7c10f8ff4652746760d53085f58b9b
  branch: feedbin
  specs:
    librato-metrics (2.1.2)
      aggregate (~> 0.2.2)
      faraday

GEM
  remote: https://rubygems.org/
  specs:
    addressable (2.9.0)
      public_suffix (>= 2.0.2, < 8.0)
    aggregate (0.2.4)
    base64 (0.3.0)
    bigdecimal (4.1.2)
    connection_pool (3.0.2)
    crack (1.0.1)
      bigdecimal
      rexml
    domain_name (0.6.20240107)
    dotenv (3.2.0)
    drb (2.2.3)
    erb (6.0.4)
    faraday (2.14.3)
      faraday-net_http (>= 2.0, < 3.5)
      json
      logger
    faraday-net_http (3.4.4)
      net-http (~> 0.5)
    hashdiff (1.2.1)
    hetchy (1.0.0)
    honeybadger (6.9.0)
      logger
      ostruct
    http (6.0.3)
      http-cookie (~> 1.0)
      llhttp (~> 0.6.1)
    http-cookie (1.1.6)
      domain_name (~> 0.5)
    io-console (0.8.2)
    irb (1.18.0)
      pp (>= 0.6.0)
      prism (>= 1.3.0)
      rdoc (>= 4.0.0)
      reline (>= 0.4.2)
    json (2.21.1)
    librato-rack (2.0.5)
      hetchy (~> 1.0)
      librato-metrics (~> 2.1, >= 2.1.0)
    llhttp (0.6.2)
    logger (1.7.0)
    minitest (6.0.6)
      drb (~> 2.0)
      prism (~> 1.5)
    mustermann (3.1.1)
    net-http (0.9.1)
      uri (>= 0.11.1)
    nio4r (2.7.5)
    ostruct (0.6.3)
    pp (0.6.4)
      prettyprint
    prettyprint (0.2.0)
    prism (1.9.0)
    public_suffix (7.0.5)
    puma (8.0.2)
      nio4r (~> 2.0)
    rack (3.2.6)
    rack-protection (4.2.1)
      base64 (>= 0.1.0)
      logger (>= 1.6.0)
      rack (>= 3.0.0, < 4)
    rack-session (2.1.2)
      base64 (>= 0.1.0)
      rack (>= 3.0.0)
    rack-test (2.2.0)
      rack (>= 1.3)
    rake (13.4.2)
    rbs (4.0.3)
      logger
      prism (>= 1.6.0)
      tsort
    rdoc (8.0.0)
      erb
      prism (>= 1.6.0)
      rbs (>= 4.0.0)
      tsort
    reline (0.6.3)
      io-console (~> 0.5)
    rexml (3.4.4)
    sd_notify (0.1.1)
    sinatra (4.2.1)
      logger (>= 1.6.0)
      mustermann (~> 3.0)
      rack (>= 3.0.0, < 4)
      rack-protection (= 4.2.1)
      rack-session (>= 2.0.0, < 3)
      tilt (~> 2.0)
    tilt (2.8.0)
    tsort (0.2.0)
    uri (1.1.1)
    webmock (3.26.2)
      addressable (>= 2.8.0)
      crack (>= 0.3.2)
      hashdiff (>= 0.4.0, < 2.0.0)

PLATFORMS
  arm64-darwin-24
  arm64-darwin-25
  x86_64-linux

DEPENDENCIES
  connection_pool
  dotenv
  honeybadger
  http
  irb
  librato-metrics!
  librato-rack
  minitest
  puma
  rack-test
  rake
  sd_notify
  sinatra
  webmock

BUNDLED WITH
  4.0.16
